
Microsoft Visual Studio Solution File, Format Version 12.00
# Visual Studio Version 17
VisualStudioVersion = 17.9.34728.123
MinimumVisualStudioVersion = 10.0.40219.1
Project("{FAE04EC0-301F-11D3-BF4B-00C04F79EFBC}") = "CircularWF", "CircularWF\CircularWF.csproj", "{36B17927-539F-40F3-94B1-FF3738F49DA0}"
EndProject
Project("{FAE04EC0-301F-11D3-BF4B-00C04F79EFBC}") = "CircularWPF", "CircularWPF\CircularWPF.csproj", "{8C5A9F3A-0B6E-47C6-9AB8-E56BB82E296E}"
EndProject
Global
	GlobalSection(SolutionConfigurationPlatforms) = preSolution
		Debug|Any CPU = Debug|Any CPU
		Release|Any CPU = Release|Any CPU
	EndGlobalSection
	GlobalSection(ProjectConfigurationPlatforms) = postSolution
		{36B17927-539F-40F3-94B1-FF3738F49DA0}.Debug|Any CPU.ActiveCfg = Debug|Any CPU
		{36B17927-539F-40F3-94B1-FF3738F49DA0}.Debug|Any CPU.Build.0 = Debug|Any CPU
		{36B17927-539F-40F3-94B1-FF3738F49DA0}.Release|Any CPU.ActiveCfg = Release|Any CPU
		{36B17927-539F-40F3-94B1-FF3738F49DA0}.Release|Any CPU.Build.0 = Release|Any CPU
		{8C5A9F3A-0B6E-47C6-9AB8-E56BB82E296E}.Debug|Any CPU.ActiveCfg = Debug|Any CPU
		{8C5A9F3A-0B6E-47C6-9AB8-E56BB82E296E}.Debug|Any CPU.Build.0 = Debug|Any CPU
		{8C5A9F3A-0B6E-47C6-9AB8-E56BB82E296E}.Release|Any CPU.ActiveCfg = Release|Any CPU
		{8C5A9F3A-0B6E-47C6-9AB8-E56BB82E296E}.Release|Any CPU.Build.0 = Release|Any CPU
	EndGlobalSection
	GlobalSection(SolutionProperties) = preSolution
		HideSolutionNode = FALSE
	EndGlobalSection
	GlobalSection(ExtensibilityGlobals) = postSolution
		SolutionGuid = {A3591373-A754-43E0-B737-182F9CB9D94F}
	EndGlobalSection
EndGlobal
